
Microsoft Visual Studio Solution File, Format Version 12.00
# Visual Studio Version 17
VisualStudioVersion = 17.2.32630.192
MinimumVisualStudioVersion = 10.0.40219.1
Project("{FAE04EC0-301F-11D3-BF4B-00C04F79EFBC}") = "MusicalInstrument", "MusicalInstrument\MusicalInstrument.csproj", "{47E726C6-017B-43B7-B74D-EDD6C592405B}"
EndProject
Global
	GlobalSection(SolutionConfigurationPlatforms) = preSolution
		Debug|Any CPU = Debug|Any CPU
		Release|Any CPU = Release|Any CPU
	EndGlobalSection
	GlobalSection(ProjectConfigurationPlatforms) = postSolution
		{47E726C6-017B-43B7-B74D-EDD6C592405B}.Debug|Any CPU.ActiveCfg = Debug|Any CPU
		{47E726C6-017B-43B7-B74D-EDD6C592405B}.Debug|Any CPU.Build.0 = Debug|Any CPU
		{47E726C6-017B-43B7-B74D-EDD6C592405B}.Release|Any CPU.ActiveCfg = Release|Any CPU
		{47E726C6-017B-43B7-B74D-EDD6C592405B}.Release|Any CPU.Build.0 = Release|Any CPU
	EndGlobalSection
	GlobalSection(SolutionProperties) = preSolution
		HideSolutionNode = FALSE
	EndGlobalSection
	GlobalSection(ExtensibilityGlobals) = postSolution
		SolutionGuid = {45763074-A595-4EA8-828A-B88413C28228}
	EndGlobalSection
EndGlobal
